
Microsoft Visual Studio Solution File, Format Version 12.00
Project("{FAE04EC0-301F-11D3-BF4B-00C04F79EFBC}") = "VendingMachine", "VendingMachine\VendingMachine.csproj", "{BB7F900F-A38C-4E18-89F8-97289A081784}"
EndProject
Project("{FAE04EC0-301F-11D3-BF4B-00C04F79EFBC}") = "VendingMachine.Tests", "VendingMachine.Tests\VendingMachine.Tests.csproj", "{C52B8321-612D-429E-96AA-0BB16E884A36}"
EndProject
Project("{FAE04EC0-301F-11D3-BF4B-00C04F79EFBC}") = "VMConsoleApp", "VMConsoleApp\VMConsoleApp.csproj", "{5182F06D-7B6D-4848-82EB-DF419D0EBB70}"
EndProject
Global
	GlobalSection(SolutionConfigurationPlatforms) = preSolution
		Debug|Any CPU = Debug|Any CPU
		Release|Any CPU = Release|Any CPU
	EndGlobalSection
	GlobalSection(ProjectConfigurationPlatforms) = postSolution
		{BB7F900F-A38C-4E18-89F8-97289A081784}.Debug|Any CPU.ActiveCfg = Debug|Any CPU
		{BB7F900F-A38C-4E18-89F8-97289A081784}.Debug|Any CPU.Build.0 = Debug|Any CPU
		{BB7F900F-A38C-4E18-89F8-97289A081784}.Release|Any CPU.ActiveCfg = Release|Any CPU
		{BB7F900F-A38C-4E18-89F8-97289A081784}.Release|Any CPU.Build.0 = Release|Any CPU
		{C52B8321-612D-429E-96AA-0BB16E884A36}.Debug|Any CPU.ActiveCfg = Debug|Any CPU
		{C52B8321-612D-429E-96AA-0BB16E884A36}.Debug|Any CPU.Build.0 = Debug|Any CPU
		{C52B8321-612D-429E-96AA-0BB16E884A36}.Release|Any CPU.ActiveCfg = Release|Any CPU
		{C52B8321-612D-429E-96AA-0BB16E884A36}.Release|Any CPU.Build.0 = Release|Any CPU
		{5182F06D-7B6D-4848-82EB-DF419D0EBB70}.Debug|Any CPU.ActiveCfg = Debug|Any CPU
		{5182F06D-7B6D-4848-82EB-DF419D0EBB70}.Debug|Any CPU.Build.0 = Debug|Any CPU
		{5182F06D-7B6D-4848-82EB-DF419D0EBB70}.Release|Any CPU.ActiveCfg = Release|Any CPU
		{5182F06D-7B6D-4848-82EB-DF419D0EBB70}.Release|Any CPU.Build.0 = Release|Any CPU
	EndGlobalSection
EndGlobal
